
Microsoft Visual Studio Solution File, Format Version 12.00
# Visual Studio Version 16
VisualStudioVersion = 16.0.32106.194
MinimumVisualStudioVersion = 10.0.40219.1
Project("{9A19103F-16F7-4668-BE54-9A1E7A4F7556}") = "FolderSizes", "FolderSizes\FolderSizes.csproj", "{0A3FB6F7-36CD-4691-944B-EE3A4A47A0E9}"
EndProject
Global
	GlobalSection(SolutionConfigurationPlatforms) = preSolution
		Debug|Any CPU = Debug|Any CPU
		Release|Any CPU = Release|Any CPU
	EndGlobalSection
	GlobalSection(ProjectConfigurationPlatforms) = postSolution
		{0A3FB6F7-36CD-4691-944B-EE3A4A47A0E9}.Debug|Any CPU.ActiveCfg = Debug|Any CPU
		{0A3FB6F7-36CD-4691-944B-EE3A4A47A0E9}.Debug|Any CPU.Build.0 = Debug|Any CPU
		{0A3FB6F7-36CD-4691-944B-EE3A4A47A0E9}.Release|Any CPU.ActiveCfg = Release|Any CPU
		{0A3FB6F7-36CD-4691-944B-EE3A4A47A0E9}.Release|Any CPU.Build.0 = Release|Any CPU
	EndGlobalSection
	GlobalSection(SolutionProperties) = preSolution
		HideSolutionNode = FALSE
	EndGlobalSection
	GlobalSection(ExtensibilityGlobals) = postSolution
		SolutionGuid = {924C75AE-E5D8-4037-A96E-85BF7C6E038B}
	EndGlobalSection
EndGlobal
